// !$*UTF8*$!
{
	archiveVersion = 1;
	classes = {
	};
	objectVersion = 46;
	objects = {

/* Begin PBXBuildFile section */
		D708F1D71B85E45B00676A1C /* HTTPStreamTransmitter.swift in Sources */ = {isa = PBXBuildFile; fileRef = D708F1D61B85E45B00676A1C /* HTTPStreamTransmitter.swift */; };
		D708F2251B873FF200676A1C /* HTTPConstants.swift in Sources */ = {isa = PBXBuildFile; fileRef = D708F2241B873FF200676A1C /* HTTPConstants.swift */; };
		D708F2271B87404A00676A1C /* NSData+suffix.swift in Sources */ = {isa = PBXBuildFile; fileRef = D708F2261B87404A00676A1C /* NSData+suffix.swift */; };
		D708F2291B87491800676A1C /* NSMutableData+append.swift in Sources */ = {isa = PBXBuildFile; fileRef = D708F2281B87491800676A1C /* NSMutableData+append.swift */; };
		D708F22B1B8749AD00676A1C /* HTTPStatus.swift in Sources */ = {isa = PBXBuildFile; fileRef = D708F22A1B8749AD00676A1C /* HTTPStatus.swift */; };
		D708F2951B8882E700676A1C /* AppConstants.swift in Sources */ = {isa = PBXBuildFile; fileRef = D708F2941B8882E700676A1C /* AppConstants.swift */; };
		D708F2971B88890D00676A1C /* String+HTML.swift in Sources */ = {isa = PBXBuildFile; fileRef = D708F2961B88890D00676A1C /* String+HTML.swift */; };
		D708F2991B888D1900676A1C /* OOPRegularExpression.swift in Sources */ = {isa = PBXBuildFile; fileRef = D708F2981B888D1900676A1C /* OOPRegularExpression.swift */; };
		D708F29C1B889C4700676A1C /* LICENSE.txt in Resources */ = {isa = PBXBuildFile; fileRef = D708F29B1B889C4700676A1C /* LICENSE.txt */; };
		D70D034A1B8A80A80041D63F /* aaa.swift in Sources */ = {isa = PBXBuildFile; fileRef = D70D03491B8A80A70041D63F /* aaa.swift */; };
		D70D03521B8B79340041D63F /* WebTemplateTests.swift in Sources */ = {isa = PBXBuildFile; fileRef = D70D03511B8B79340041D63F /* WebTemplateTests.swift */; };
		D70D6CB41E815A5300FE5014 /* OOPSocket.swift in Sources */ = {isa = PBXBuildFile; fileRef = D70D6CB31E815A5300FE5014 /* OOPSocket.swift */; };
		D739030F1E829DAB005E6F10 /* StaticContents in Resources */ = {isa = PBXBuildFile; fileRef = D739030E1E829DAB005E6F10 /* StaticContents */; };
		D73903111E83F2BD005E6F10 /* HTTPRequest.swift in Sources */ = {isa = PBXBuildFile; fileRef = D73903101E83F2BD005E6F10 /* HTTPRequest.swift */; };
		D73903131E840297005E6F10 /* HTTPResponse.swift in Sources */ = {isa = PBXBuildFile; fileRef = D73903121E840297005E6F10 /* HTTPResponse.swift */; };
		D74873571B849E110095E42F /* AppDelegate.swift in Sources */ = {isa = PBXBuildFile; fileRef = D74873561B849E110095E42F /* AppDelegate.swift */; };
		D74873591B849E110095E42F /* ViewController.swift in Sources */ = {isa = PBXBuildFile; fileRef = D74873581B849E110095E42F /* ViewController.swift */; };
		D748735C1B849E110095E42F /* Main.storyboard in Resources */ = {isa = PBXBuildFile; fileRef = D748735A1B849E110095E42F /* Main.storyboard */; };
		D748735E1B849E110095E42F /* Assets.xcassets in Resources */ = {isa = PBXBuildFile; fileRef = D748735D1B849E110095E42F /* Assets.xcassets */; };
		D74873611B849E110095E42F /* LaunchScreen.storyboard in Resources */ = {isa = PBXBuildFile; fileRef = D748735F1B849E110095E42F /* LaunchScreen.storyboard */; };
		D74873691B849F260095E42F /* WebServerRequest.swift in Sources */ = {isa = PBXBuildFile; fileRef = D74873681B849F260095E42F /* WebServerRequest.swift */; };
		D748736B1B849F4A0095E42F /* WebServer.swift in Sources */ = {isa = PBXBuildFile; fileRef = D748736A1B849F4A0095E42F /* WebServer.swift */; };
		D748736F1B84B2A20095E42F /* HTTPStreamReceiver.swift in Sources */ = {isa = PBXBuildFile; fileRef = D748736E1B84B2A20095E42F /* HTTPStreamReceiver.swift */; };
		D78D18391B8527A00026F024 /* HTTPValues.swift in Sources */ = {isa = PBXBuildFile; fileRef = D78D18381B8527A00026F024 /* HTTPValues.swift */; };
		D78D183B1B85284C0026F024 /* Array+opt.swift in Sources */ = {isa = PBXBuildFile; fileRef = D78D183A1B85284C0026F024 /* Array+opt.swift */; };
		D7AF58A01B88C9CF00CF2042 /* WebProducer.swift in Sources */ = {isa = PBXBuildFile; fileRef = D7AF589F1B88C9CF00CF2042 /* WebProducer.swift */; };
/* End PBXBuildFile section */

/* Begin PBXContainerItemProxy section */
		D70D03541B8B79340041D63F /* PBXContainerItemProxy */ = {
			isa = PBXContainerItemProxy;
			containerPortal = D748734B1B849E110095E42F /* Project object */;
			proxyType = 1;
			remoteGlobalIDString = D74873521B849E110095E42F;
			remoteInfo = MyWebViewApp;
		};
/* End PBXContainerItemProxy section */

/* Begin PBXFileReference section */
		D708F1D41B853E5D00676A1C /* README.md */ = {isa = PBXFileReference; fileEncoding = 4; lastKnownFileType = net.daringfireball.markdown; path = README.md; sourceTree = "<group>"; };
		D708F1D61B85E45B00676A1C /* HTTPStreamTransmitter.swift */ = {isa = PBXFileReference; fileEncoding = 4; lastKnownFileType = sourcecode.swift; path = HTTPStreamTransmitter.swift; sourceTree = "<group>"; };
		D708F2241B873FF200676A1C /* HTTPConstants.swift */ = {isa = PBXFileReference; fileEncoding = 4; lastKnownFileType = sourcecode.swift; path = HTTPConstants.swift; sourceTree = "<group>"; };
		D708F2261B87404A00676A1C /* NSData+suffix.swift */ = {isa = PBXFileReference; fileEncoding = 4; lastKnownFileType = sourcecode.swift; path = "NSData+suffix.swift"; sourceTree = "<group>"; };
		D708F2281B87491800676A1C /* NSMutableData+append.swift */ = {isa = PBXFileReference; fileEncoding = 4; lastKnownFileType = sourcecode.swift; path = "NSMutableData+append.swift"; sourceTree = "<group>"; };
		D708F22A1B8749AD00676A1C /* HTTPStatus.swift */ = {isa = PBXFileReference; fileEncoding = 4; lastKnownFileType = sourcecode.swift; path = HTTPStatus.swift; sourceTree = "<group>"; };
		D708F2941B8882E700676A1C /* AppConstants.swift */ = {isa = PBXFileReference; fileEncoding = 4; lastKnownFileType = sourcecode.swift; path = AppConstants.swift; sourceTree = "<group>"; };
		D708F2961B88890D00676A1C /* String+HTML.swift */ = {isa = PBXFileReference; fileEncoding = 4; lastKnownFileType = sourcecode.swift; path = "String+HTML.swift"; sourceTree = "<group>"; };
		D708F2981B888D1900676A1C /* OOPRegularExpression.swift */ = {isa = PBXFileReference; fileEncoding = 4; lastKnownFileType = sourcecode.swift; path = OOPRegularExpression.swift; sourceTree = "<group>"; };
		D708F29B1B889C4700676A1C /* LICENSE.txt */ = {isa = PBXFileReference; fileEncoding = 4; lastKnownFileType = text; path = LICENSE.txt; sourceTree = "<group>"; };
		D70D03491B8A80A70041D63F /* aaa.swift */ = {isa = PBXFileReference; fileEncoding = 4; lastKnownFileType = sourcecode.swift; path = aaa.swift; sourceTree = "<group>"; };
		D70D034F1B8B79340041D63F /* MyWebViewAppTests.xctest */ = {isa = PBXFileReference; explicitFileType = wrapper.cfbundle; includeInIndex =
